
Microsoft Visual Studio Solution File, Format Version 12.00
# Visual Studio 15
VisualStudioVersion = 15.0.28307.136
MinimumVisualStudioVersion = 10.0.40219.1
Project("{FAE04EC0-301F-11D3-BF4B-00C04F79EFBC}") = "Practice117", "Practice117\Practice117.csproj", "{8B9DB2CB-6D43-43CF-A841-286A23C7013F}"
EndProject
Global
	GlobalSection(SolutionConfigurationPlatforms) = preSolution
		Debug|Any CPU = Debug|Any CPU
		Release|Any CPU = Release|Any CPU
	EndGlobalSection
	GlobalSection(ProjectConfigurationPlatforms) = postSolution
		{8B9DB2CB-6D43-43CF-A841-286A23C7013F}.Debug|Any CPU.ActiveCfg = Debug|Any CPU
		{8B9DB2CB-6D43-43CF-A841-286A23C7013F}.Debug|Any CPU.Build.0 = Debug|Any CPU
		{8B9DB2CB-6D43-43CF-A841-286A23C7013F}.Release|Any CPU.ActiveCfg = Release|Any CPU
		{8B9DB2CB-6D43-43CF-A841-286A23C7013F}.Release|Any CPU.Build.0 = Release|Any CPU
	EndGlobalSection
	GlobalSection(SolutionProperties) = preSolution
		HideSolutionNode = FALSE
	EndGlobalSection
	GlobalSection(ExtensibilityGlobals) = postSolution
		SolutionGuid = {62391A00-91DF-435F-B31B-F28763F496A0}
	EndGlobalSection
EndGlobal
