
Microsoft Visual Studio Solution File, Format Version 12.00
# Visual Studio 15
VisualStudioVersion = 15.0.28307.136
MinimumVisualStudioVersion = 10.0.40219.1
Project("{FAE04EC0-301F-11D3-BF4B-00C04F79EFBC}") = "AccountingSoftwareWelcome", "AccountingSoftwareWelcome\AccountingSoftwareWelcome.csproj", "{72BD814A-8244-4E91-8110-13BE1F011683}"
EndProject
Global
	GlobalSection(SolutionConfigurationPlatforms) = preSolution
		Debug|Any CPU = Debug|Any CPU
		Release|Any CPU = Release|Any CPU
	EndGlobalSection
	GlobalSection(ProjectConfigurationPlatforms) = postSolution
		{72BD814A-8244-4E91-8110-13BE1F011683}.Debug|Any CPU.ActiveCfg = Debug|Any CPU
		{72BD814A-8244-4E91-8110-13BE1F011683}.Debug|Any CPU.Build.0 = Debug|Any CPU
		{72BD814A-8244-4E91-8110-13BE1F011683}.Release|Any CPU.ActiveCfg = Release|Any CPU
		{72BD814A-8244-4E91-8110-13BE1F011683}.Release|Any CPU.Build.0 = Release|Any CPU
	EndGlobalSection
	GlobalSection(SolutionProperties) = preSolution
		HideSolutionNode = FALSE
	EndGlobalSection
	GlobalSection(ExtensibilityGlobals) = postSolution
		SolutionGuid = {B059C85D-C3AA-43E5-9C4C-BDAE6C16341E}
	EndGlobalSection
EndGlobal
