
Microsoft Visual Studio Solution File, Format Version 12.00
# Visual Studio 15
VisualStudioVersion = 15.0.28307.136
MinimumVisualStudioVersion = 10.0.40219.1
Project("{FAE04EC0-301F-11D3-BF4B-00C04F79EFBC}") = "IterationPracticeExercises", "IterationPracticeExercises\IterationPracticeExercises.csproj", "{3B367AFC-0DFC-4A6C-B25C-D124AAA0439D}"
EndProject
Global
	GlobalSection(SolutionConfigurationPlatforms) = preSolution
		Debug|Any CPU = Debug|Any CPU
		Release|Any CPU = Release|Any CPU
	EndGlobalSection
	GlobalSection(ProjectConfigurationPlatforms) = postSolution
		{3B367AFC-0DFC-4A6C-B25C-D124AAA0439D}.Debug|Any CPU.ActiveCfg = Debug|Any CPU
		{3B367AFC-0DFC-4A6C-B25C-D124AAA0439D}.Debug|Any CPU.Build.0 = Debug|Any CPU
		{3B367AFC-0DFC-4A6C-B25C-D124AAA0439D}.Release|Any CPU.ActiveCfg = Release|Any CPU
		{3B367AFC-0DFC-4A6C-B25C-D124AAA0439D}.Release|Any CPU.Build.0 = Release|Any CPU
	EndGlobalSection
	GlobalSection(SolutionProperties) = preSolution
		HideSolutionNode = FALSE
	EndGlobalSection
	GlobalSection(ExtensibilityGlobals) = postSolution
		SolutionGuid = {A24532CE-EC61-4D78-8E0E-F0D6FB6F4557}
	EndGlobalSection
EndGlobal
