
Microsoft Visual Studio Solution File, Format Version 12.00
# Visual Studio 15
VisualStudioVersion = 15.0.28307.168
MinimumVisualStudioVersion = 10.0.40219.1
Project("{FAE04EC0-301F-11D3-BF4B-00C04F79EFBC}") = "NewsletterAppMVC", "NewsletterAppMVC\NewsletterAppMVC.csproj", "{6846568C-B2A0-4A3A-8168-4D3E4B5CC0EE}"
EndProject
Global
	GlobalSection(SolutionConfigurationPlatforms) = preSolution
		Debug|Any CPU = Debug|Any CPU
		Release|Any CPU = Release|Any CPU
	EndGlobalSection
	GlobalSection(ProjectConfigurationPlatforms) = postSolution
		{6846568C-B2A0-4A3A-8168-4D3E4B5CC0EE}.Debug|Any CPU.ActiveCfg = Debug|Any CPU
		{6846568C-B2A0-4A3A-8168-4D3E4B5CC0EE}.Debug|Any CPU.Build.0 = Debug|Any CPU
		{6846568C-B2A0-4A3A-8168-4D3E4B5CC0EE}.Release|Any CPU.ActiveCfg = Release|Any CPU
		{6846568C-B2A0-4A3A-8168-4D3E4B5CC0EE}.Release|Any CPU.Build.0 = Release|Any CPU
	EndGlobalSection
	GlobalSection(SolutionProperties) = preSolution
		HideSolutionNode = FALSE
	EndGlobalSection
	GlobalSection(ExtensibilityGlobals) = postSolution
		SolutionGuid = {FB45835A-0F62-4BDA-B4DE-9B071A3B134F}
	EndGlobalSection
EndGlobal
