
Microsoft Visual Studio Solution File, Format Version 12.00
# Visual Studio 15
VisualStudioVersion = 15.0.28307.168
MinimumVisualStudioVersion = 10.0.40219.1
Project("{FAE04EC0-301F-11D3-BF4B-00C04F79EFBC}") = "ConstantVarPracticeQuestions", "ConstantVarPracticeQuestions\ConstantVarPracticeQuestions.csproj", "{70523928-88E9-41BA-A42A-B194735DEE7D}"
EndProject
Global
	GlobalSection(SolutionConfigurationPlatforms) = preSolution
		Debug|Any CPU = Debug|Any CPU
		Release|Any CPU = Release|Any CPU
	EndGlobalSection
	GlobalSection(ProjectConfigurationPlatforms) = postSolution
		{70523928-88E9-41BA-A42A-B194735DEE7D}.Debug|Any CPU.ActiveCfg = Debug|Any CPU
		{70523928-88E9-41BA-A42A-B194735DEE7D}.Debug|Any CPU.Build.0 = Debug|Any CPU
		{70523928-88E9-41BA-A42A-B194735DEE7D}.Release|Any CPU.ActiveCfg = Release|Any CPU
		{70523928-88E9-41BA-A42A-B194735DEE7D}.Release|Any CPU.Build.0 = Release|Any CPU
	EndGlobalSection
	GlobalSection(SolutionProperties) = preSolution
		HideSolutionNode = FALSE
	EndGlobalSection
	GlobalSection(ExtensibilityGlobals) = postSolution
		SolutionGuid = {FA00AE34-FF79-4104-8EC5-8192F0E2733A}
	EndGlobalSection
EndGlobal
